// !$*UTF8*$!
{
	archiveVersion = 1;
	classes = {
	};
	objectVersion = 56;
	objects = {

/* Begin PBXBuildFile section */
		186E001229AF05F600CFD2EC /* AppDelegate.m in Sources */ = {isa = PBXBuildFile; fileRef = 186E001129AF05F600CFD2EC /* AppDelegate.m */; };
		186E001529AF05F600CFD2EC /* SceneDelegate.m in Sources */ = {isa = PBXBuildFile; fileRef = 186E001429AF05F600CFD2EC /* SceneDelegate.m */; };
		186E001829AF05F600CFD2EC /* ViewController.m in Sources */ = {isa = PBXBuildFile; fileRef = 186E001729AF05F600CFD2EC /* ViewController.m */; };
		186E001B29AF05F600CFD2EC /* Main.storyboard in Resources */ = {isa = PBXBuildFile; fileRef = 186E001929AF05F600CFD2EC /* Main.storyboard */; };
		186E001D29AF05F800CFD2EC /* Assets.xcassets in Resources */ = {isa = PBXBuildFile; fileRef = 186E001C29AF05F800CFD2EC /* Assets.xcassets */; };
		186E002029AF05F800CFD2EC /* LaunchScreen.storyboard in Resources */ = {isa = PBXBuildFile; fileRef = 186E001E29AF05F800CFD2EC /* LaunchScreen.storyboard */; };
		186E002329AF05F800CFD2EC /* main.m in Sources */ = {isa = PBXBuildFile; fileRef = 186E002229AF05F800CFD2EC /* main.m */; };
		186E002D29AF05F800CFD2EC /* DownloadManagerTests.m in Sources */ = {isa = PBXBuildFile; fileRef = 186E002C29AF05F800CFD2EC /* DownloadManagerTests.m */; };
		186E003729AF05F800CFD2EC /* DownloadManagerUITests.m in Sources */ = {isa = PBXBuildFile; fileRef = 186E003629AF05F800CFD2EC /* DownloadManagerUITests.m */; };
		186E003929AF05F800CFD2EC /* DownloadManagerUITestsLaunchTests.m in Sources */ = {isa = PBXBuildFile; fileRef = 186E003829AF05F800CFD2EC /* DownloadManagerUITestsLaunchTests.m */; };
		1874B7272A09D40100638317 /* DownloadTableViewCell.m in Sources */ = {isa = PBXBuildFile; fileRef = 1874B7262A09D40100638317 /* DownloadTableViewCell.m */; };
		18AF4CBA29B17F6F00581BBC /* LICENSE in Resources */ = {isa = PBXBuildFile; fileRef = 18AF4C9529B17F6F00581BBC /* LICENSE */; };
		18AF4CBB29B17F6F00581BBC /* README.md in Resources */ = {isa = PBXBuildFile; fileRef = 18AF4C9629B17F6F00581BBC /* README.md */; };
		18AF4CBC29B17F6F00581BBC /* UIProgressView+AFNetworking.m in Sources */ = {isa = PBXBuildFile; fileRef = 18AF4C9929B17F6F00581BBC /* UIProgressView+AFNetworking.m */; };
		18AF4CBD29B17F6F00581BBC /* UIRefreshControl+AFNetworking.m in Sources */ = {isa = PBXBuildFile; fileRef = 18AF4C9B29B17F6F00581BBC /* UIRefreshControl+AFNetworking.m */; };
		18AF4CBE29B17F6F00581BBC /* AFNetworkActivityIndicatorManager.m in Sources */ = {isa = PBXBuildFile; fileRef = 18AF4C9E29B17F6F00581BBC /* AFNetworkActivityIndicatorManager.m */; };
		18AF4CBF29B17F6F00581BBC /* WKWebView+AFNetworking.m in Sources */ = {isa = PBXBuildFile; fileRef = 18AF4CA129B17F6F00581BBC /* WKWebView+AFNetworking.m */; };
		18AF4CC029B17F6F00581BBC /* UIImageView+AFNetworking.m in Sources */ = {isa = PBXBuildFile; fileRef = 18AF4CA329B17F6F00581BBC /* UIImageView+AFNetworking.m */; };
		18AF4CC129B17F6F00581BBC /* UIButton+AFNetworking.m in Sources */ = {isa = PBXBuildFile; fileRef = 18AF4CA629B17F6F00581BBC /* UIButton+AFNetworking.m */; };
		18AF4CC229B17F6F00581BBC /* UIActivityIndicatorView+AFNetworking.m in Sources */ = {isa = PBXBuildFile; fileRef = 18AF4CA729B17F6F00581BBC /* UIActivityIndicatorView+AFNetworking.m */; };
		18AF4CC329B17F6F00581BBC /* AFAutoPurgingImageCache.m in Sources */ = {isa = PBXBuildFile; fileRef = 18AF4CA829B17F6F00581BBC /* AFAutoPurgingImageCache.m */; };
		18AF4CC429B17F6F00581BBC /* AFImageDownloader.m in Sources */ = {isa = PBXBuildFile; fileRef = 18AF4CAA29B17F6F00581BBC /* AFImageDownloader.m */; };
		18AF4CC529B17F6F00581BBC /* AFURLResponseSerialization.m in Sources */ = {isa = PBXBuildFile; fileRef = 18AF4CB029B17F6F00581BBC /* AFURLResponseSerialization.m */; };
		18AF4CC629B17F6F00581BBC /* AFHTTPSessionManager.m in Sources */ = {isa = PBXBuildFile; fileRef = 18AF4CB129B17F6F00581BBC /* AFHTTPSessionManager.m */; };
		18AF4CC729B17F6F00581BBC /* AFURLSessionManager.m in Sources */ = {isa = PBXBuildFile; fileRef = 18AF4CB329B17F6F00581BBC /* AFURLSessionManager.m */; };
		18AF4CC829B17F6F00581BBC /* AFURLRequestSerialization.m in Sources */ = {isa = PBXBuildFile; fileRef = 18AF4CB429B17F6F00581BBC /* AFURLRequestSerialization.m */; };
		18AF4CC929B17F6F00581BBC /* AFNetworkReachabilityManager.m in Sources */ = {isa = PBXBuildFile; fileRef = 18AF4CB629B17F6F00581BBC /* AFNetworkReachabilityManager.m */; };
		18AF4CCA29B17F6F00581BBC /* AFSecurityPolicy.m in Sources */ = {isa = PBXBuildFile; fileRef = 18AF4CB729B17F6F00581BBC /* AFSecurityPolicy.m */; };
		18AF4CCD29B1853200581BBC /* YYDownloadHelper.m in Sources */ = {isa = PBXBuildFile; fileRef = 18AF4CCC29B1853200581BBC /* YYDownloadHelper.m */; };
		18AF4CD029B194D900581BBC /* YYDownloadTaskManager.m in Sources */ = {isa = PBXBuildFile; fileRef = 18AF4CCF29B194D900581BBC /* YYDownloadTaskManager.m */; };
		18AF4CD629B1C7A100581BBC /* YYDownloadSessionManager.m in Sources */ = {isa = PBXBuildFile; fileRef = 18AF4CD529B1C7A100581BBC /* YYDownloadSessionManager.m */; };
		18AF4CD929B1E86900581BBC /* test.m in Sources */ = {isa = PBXBuildFile; fileRef = 18AF4CD829B1E86900581BBC /* test.m */; };
		18BEB5372A0B399E00B5A94E /* YYDownloadResumeData.m in Sources */ = {isa = PBXBuildFile; fileRef = 18BEB5362A0B399E00B5A94E /* YYDownloadResumeData.m */; };
		18C2C1142A0DCE49002107BE /* YYDownloadTask.m in Sources */ = {isa = PBXBuildFile; fileRef = 18C2C1132A0DCE49002107BE /* YYDownloadTask.m */; };
		18C2C1172A0DE656002107BE /* YYDownloadConfiguration.m in Sources */ = {isa = PBXBuildFile; fileRef = 18C2C1162A0DE656002107BE /* YYDownloadConfiguration.m */; };
		18C6D51829B0A957000FCD37 /* YYDownloadManager.m in Sources */ = {isa = PBXBuildFile; fileRef = 18C6D51729B0A957000FCD37 /* YYDownloadManager.m */; };
/* End PBXBuildFile section */

/* Begin PBXContainerItemProxy section */
		186E002929AF05F800CFD2EC /* PBXContainerItemProxy */ = {
			isa = PBXContainerItemProxy;
			containerPortal = 186E000529AF05F600CFD2EC /* Project object */;
			proxyType = 1;
			remoteGlobalIDString = 186E000C29AF05F600CFD2EC;
			remoteInfo = DownloadManager;
		};
		186E003329AF05F800CFD2EC /* PBXContainerItemProxy */ = {
			isa = PBXContainerItemProxy;
			containerPortal = 186E000529AF05F600CFD2EC /* Project object */;
			proxyType = 1;
			remoteGlobalIDString = 186E000C29AF05F600CFD2EC;
			remoteInfo = DownloadManager;
		};
/* End PBXContainerItemProxy section */

/* Begin PBXFileReference section */
		186E000D29AF05F600CFD2EC /* DownloadManager.app */ = {isa = PBXFileReference; explicitFileType = wrapper.application; includeInIndex = 0; path = DownloadManager.app; sourceTree = BUILT_PRODUCTS_DIR; };
		186E001029AF05F600CFD2EC /* AppDelegate.h */ = {isa = PBXFileReference; lastKnownFileType = sourcecode.c.h; path = AppDelegate.h; sourceTree = "<group>"; };
		186E001129AF05F600CFD2EC /* AppDelegate.m */ = {isa = PBXFileReference; lastKnownFileType = sourcecode.c.objc; path = AppDelegate.m; sourceTree = "<group>"; };
		186E001329AF05F600CFD2EC /* SceneDelegate.h */ = {isa = PBXFileReference; lastKnownFileType = sourcecode.c.h; path = SceneDelegate.h; sourceTree = "<group>"; };
		186E001429AF05F600CFD2EC /* SceneDelegate.m */ = {isa = PBXFileReference; lastKnownFileType = sourcecode.c.objc; path = SceneDelegate.m; sourceTree = "<group>"; };
		186E001629AF05F600CFD2EC /* ViewController.h */ = {isa = PBXFileReference; lastKnownFileType = sourcecode.c.h; path = ViewController.h; sourceTree = "<group>"; };
		186E001729AF05F600CFD2EC /* ViewController.m */ = {isa = PBXFileReference; lastKnownFileType = sourcecode.c.objc; path = ViewController.m; sourceTree = "<group>"; };
		186E001A29AF05F600CFD2EC /* Base */ = {isa = PBXFileReference; lastKnownFileType = file.storyboard; name = Base; path = Base.lproj/Main.storyboard; sourceTree = "<group>"; };
		186E001C29AF05F800CFD2EC /* Assets.xcassets */ = {isa = PBXFileReference; lastKnownFileType = folder.assetcatalog; path = Assets.xcassets; sourceTree = "<group>"; };
		186E001F29AF05F800CFD2EC /* Base */ = {isa = PBXFileReference; lastKnownFileType = file.storyboard; name = Base; path = Base.lproj/LaunchScreen.storyboard; sourceTree = "<group>"; };
		186E002129AF05F800CFD2EC /* Info.plist */ = {isa = PBXFileReference; lastKnownFileType = text.plist.xml; path = Info.plist; sourceTree = "<group>"; };
		186E002229AF05F800CFD2EC /* main.m */ = {isa = PBXFileReference; lastKnownFileType = sourcecode.c.objc; path = main.m; sourceTree = "<group>"; };
		186E002829AF05F800CFD2EC /* DownloadManagerTests.xctest */ = {isa = PBXFileReference; explicitFileType = wrapper.cfbundle; includeInIndex = 0; path = DownloadManagerTests.xctest; sourceTree = BUILT_PRODUCTS_DIR; };
		186E002C29AF05F800CFD2EC /* DownloadManagerTests.m */ = {isa = PBXFileReference; lastKnownFileType = sourcecode.c.objc; path = DownloadManagerTests.m; sourceTree = "<group>"; };
		186E003229AF05F800CFD2EC /* DownloadManagerUITests.xctest */ = {isa = PBXFileReference; explicitFileType = wrapper.cfbundle; includeInIndex = 0; path = DownloadManagerUITests.xctest; sourceTree = BUILT_PRODUCTS_DIR; };
		186E003629AF05F800CFD2EC /* DownloadManagerUITests.m */ = {isa = PBXFileReference; lastKnownFileType = sourcecode.c.objc; path = DownloadManagerUITests.m; sourceTree = "<group>"; };
		186E003829AF05F800CFD2EC /* DownloadManagerUITestsLaunchTests.m */ = {isa = PBXFileReference; lastKnownFileType = sourcecode.c.objc; path = DownloadManagerUITestsLaunchTests.m; sourceTree = "<group>"; };
		186E004629AF061300CFD2EC /* YYDownloadTaskDelegate.h */ = {isa = PBXFileReference; lastKnownFileType = sourcecode.c.h; path = YYDownloadTaskDelegate.h; sourceTree = "<group>"; };
		1874B7252A09D40100638317 /* DownloadTableViewCell.h */ = {isa = PBXFileReference; lastKnownFileType = sourcecode.c.h; path = DownloadTableViewCell.h; sourceTree = "<group>"; };
		1874B7262A09D40100638317 /* DownloadTableViewCell.m */ = {isa = PBXFileReference; lastKnownFileType = sourcecode.c.objc; path = DownloadTableViewCell.m; sourceTree = "<group>"; };
		18AF4C9529B17F6F00581BBC /* LICENSE */ = {isa = PBXFileReference; fileEncoding = 4; lastKnownFileType = text; path = LICENSE; sourceTree = "<group>"; };
		18AF4C9629B17F6F00581BBC /* README.md */ = {isa = PBXFileReference; fileEncoding = 4; lastKnownFileType = net.daringfireball.markdown; path = README.md; sourceTree = "<group>"; };
		18AF4C9829B17F6F00581BBC /* WKWebView+AFNetworking.h */ = {isa = PBXFileReference; fileEncoding = 4; lastKnownFileType = sourcecode.c.h; path = "WKWebView+AFNetworking.h"; sourceTree = "<group>"; };
		18AF4C9929B17F6F00581BBC /* UIProgressView+AFNetworking.m */ = {isa = PBXFileReference; fileEncoding = 4; lastKnownFileType = sourcecode.c.objc; path = "UIProgressView+AFNetworking.m"; sourceTree = "<group>"; };
		18AF4C9A29B17F6F00581BBC /* UIButton+AFNetworking.h */ = {isa = PBXFileReference; fileEncoding = 4; lastKnownFileType = sourcecode.c.h; path = "UIButton+AFNetworking.h"; sourceTree = "<group>"; };
		18AF4C9B29B17F6F00581BBC /* UIRefreshControl+AFNetworking.m */ = {isa = PBXFileReference; fileEncoding = 4; lastKnownFileType = sourcecode.c.objc; path = "UIRefreshControl+AFNetworking.m"; sourceTree = "<group>"; };
		18AF4C9C29B17F6F00581BBC /* UIImageView+AFNetworking.h */ = {isa = PBXFileReference; fileEncoding = 4; lastKnownFileType = sourcecode.c.h; path = "UIImageView+AFNetworking.h"; sourceTree = "<group>"; };
		18AF4C9D29B17F6F00581BBC /* AFImageDownloader.h */ = {isa = PBXFileReference; fileEncoding = 4; lastKnownFileType = sourcecode.c.h; path = AFImageDownloader.h; sourceTree = "<group>"; };
		18AF4C9E29B17F6F00581BBC /* AFNetworkActivityIndicatorManager.m */ = {isa = PBXFileReference; fileEncoding = 4; lastKnownFileType = sourcecode.c.objc; path = AFNetworkActivityIndicatorManager.m; sourceTree = "<group>"; };
		18AF4C9F29B17F6F00581BBC /* AFAutoPurgingImageCache.h */ = {isa = PBXFileReference; fileEncoding = 4; lastKnownFileType = sourcecode.c.h; path = AFAutoPurgingImageCache.h; sourceTree = "<group>"; };
		18AF4CA029B17F6F00581BBC /* UIActivityIndicatorView+AFNetworking.h */ = {isa = PBXFileReference; fileEncoding = 4; lastKnownFileType = sourcecode.c.h; path = "UIActivityIndicatorView+AFNetworking.h"; sourceTree = "<group>"; };
		18AF4CA129B17F6F00581BBC /* WKWebView+AFNetworking.m */ = {isa = PBXFileReference; fileEncoding = 4; lastKnownFileType = sourcecode.c.objc; path = "WKWebView+AFNetworking.m"; sourceTree = "<group>"; };
		18AF4CA229B17F6F00581BBC /* UIProgressView+AFNetworking.h */ = {isa = PBXFileReference; fileEncoding = 4; lastKnownFileType = sourcecode.c.h; path = "UIProgressView+AFNetworking.h"; sourceTree = "<group>"; };
		18AF4CA329B17F6F00581BBC /* UIImageView+AFNetworking.m */ = {isa = PBXFileReference; fileEncoding = 4; lastKnownFileType = sourcecode.c.objc; path = "UIImageView+AFNetworking.m"; sourceTree = "<group>"; };
		18AF4CA429B17F6F00581BBC /* UIKit+AFNetworking.h */ = {isa = PBXFileReference; fileEncoding = 4; lastKnownFileType = sourcecode.c.h; path = "UIKit+AFNetworking.h"; sourceTree = "<group>"; };
		18AF4CA529B17F6F00581BBC /* UIRefreshControl+AFNetworking.h */ = {isa = PBXFileReference; fileEncoding = 4; lastKnownFileType = sourcecode.c.h; path = "UIRefreshControl+AFNetworking.h"; sourceTree = "<group>"; };
		18AF4CA629B17F6F00581BBC /* UIButton+AFNetworking.m */ = {isa = PBXFileReference; fileEncoding = 4; lastKnownFileType = sourcecode.c.objc; path = "UIButton+AFNetworking.m"; sourceTree = "<group>"; };
		18AF4CA729B17F6F00581BBC /* UIActivityIndicatorView+AFNetworking.m */ = {isa = PBXFileReference; fileEncoding = 4; lastKnownFileType = sourcecode.c.objc; path = "UIActivityIndicatorView+AFNetworking.m"; sourceTree = "<group>"; };
		18AF4CA829B17F6F00581BBC /* AFAutoPurgingImageCache.m */ = {isa = PBXFileReference; fileEncoding = 4; lastKnownFileType = sourcecode.c.objc; path = AFAutoPurgingImageCache.m; sourceTree = "<group>"; };
		18AF4CA929B17F6F00581BBC /* AFNetworkActivityIndicatorManager.h */ = {isa = PBXFileReference; fileEncoding = 4; lastKnownFileType = sourcecode.c.h; path = AFNetworkActivityIndicatorManager.h; sourceTree = "<group>"; };
		18AF4CAA29B17F6F00581BBC /* AFImageDownloader.m */ = {isa = PBXFileReference; fileEncoding = 4; lastKnownFileType = sourcecode.c.objc; path = AFImageDownloader.m; sourceTree = "<group>"; };
		18AF4CAC29B17F6F00581BBC /* AFSecurityPolicy.h */ = {isa = PBXFileReference; fileEncoding = 4; lastKnownFileType = sourcecode.c.h; path = AFSecurityPolicy.h; sourceTree = "<group>"; };
		18AF4CAD29B17F6F00581BBC /* AFNetworkReachabilityManager.h */ = {isa = PBXFileReference; fileEncoding = 4; lastKnownFileType = sourcecode.c.h; path = AFNetworkReachabilityManager.h; sourceTree = "<group>"; };
		18AF4CAE29B17F6F00581BBC /* AFURLSessionManager.h */ = {isa = PBXFileReference; fileEncoding = 4; lastKnownFileType = sourcecode.c.h; path = AFURLSessionManager.h; sourceTree = "<group>"; };
		18AF4CAF29B17F6F00581BBC /* AFURLRequestSerialization.h */ = {isa = PBXFileReference; fileEncoding = 4; lastKnownFileType = sourcecode.c.h; path = AFURLRequestSerialization.h; sourceTree = "<group>"; };
		18AF4CB029B17F6F00581BBC /* AFURLResponseSerialization.m */ = {isa = PBXFileReference; fileEncoding = 4; lastKnownFileType = sourcecode.c.objc; path = AFURLResponseSerialization.m; sourceTree = "<group>"; };
		18AF4CB129B17F6F00581BBC /* AFHTTPSessionManager.m */ = {isa = PBXFileReference; fileEncoding = 4; lastKnownFileType = sourcecode.c.objc; path = AFHTTPSessionManager.m; sourceTree = "<group>"; };
		18AF4CB229B17F6F00581BBC /* AFURLResponseSerialization.h */ = {isa = PBXFileReference; fileEncoding = 4; lastKnownFileType = sourcecode.c.h; path = AFURLResponseSerialization.h; sourceTree = "<group>"; };
		18AF4CB329B17F6F00581BBC /* AFURLSessionManager.m */ = {isa = PBXFileReference; fileEncoding = 4; lastKnownFileType = sourcecode.c.objc; path = AFURLSessionManager.m; sourceTree = "<group>"; };
		18AF4CB429B17F6F00581BBC /* AFURLRequestSerialization.m */ = {isa = PBXFileReference; fileEncoding = 4; lastKnownFileType = sourcecode.c.objc; path = AFURLRequestSerialization.m; sourceTree = "<group>"; };
		18AF4CB529B17F6F00581BBC /* AFNetworking.h */ = {isa = PBXFileReference; fileEncoding = 4; lastKnownFileType = sourcecode.c.h; path = AFNetworking.h; sourceTree = "<group>"; };
		18AF4CB629B17F6F00581BBC /* AFNetworkReachabilityManager.m */ = {isa = PBXFileReference; fileEncoding = 4; lastKnownFileType = sourcecode.c.objc; path = AFNetworkReachabilityManager.m; sourceTree = "<group>"; };
		18AF4CB729B17F6F00581BBC /* AFSecurityPolicy.m */ = {isa = PBXFileReference; fileEncoding = 4; lastKnownFileType = sourcecode.c.objc; path = AFSecurityPolicy.m; sourceTree = "<group>"; };
		18AF4CB829B17F6F00581BBC /* AFCompatibilityMacros.h */ = {isa = PBXFileReference; fileEncoding = 4; lastKnownFileType = sourcecode.c.h; path = AFCompatibilityMacros.h; sourceTree = "<group>"; };
		18AF4CB929B17F6F00581BBC /* AFHTTPSessionManager.h */ = {isa = PBXFileReference; fileEncoding = 4; lastKnownFileType = sourcecode.c.h; path = AFHTTPSessionManager.h; sourceTree = "<group>"; };
		18AF4CCB29B1853200581BBC /* YYDownloadHelper.h */ = {isa = PBXFileReference; lastKnownFileType = sourcecode.c.h; path = YYDownloadHelper.h; sourceTree = "<group>"; };
		18AF4CCC29B1853200581BBC /* YYDownloadHelper.m */ = {isa = PBXFileReference; lastKnownFileType = sourcecode.c.objc; path = YYDownloadHelper.m; sourceTree = "<group>"; };
		18AF4CCE29B194D900581BBC /* YYDownloadTaskManager.h */ = {isa = PBXFileReference; lastKnownFileType = sourcecode.c.h; path = YYDownloadTaskManager.h; sourceTree = "<group>"; };
		18AF4CCF29B194D900581BBC /* YYDownloadTaskManager.m */ = {isa = PBXFileReference; lastKnownFileType = sourcecode.c.objc; path = YYDownloadTaskManager.m; sourceTree = "<group>"; };
		18AF4CD429B1C7A100581BBC /* YYDownloadSessionManager.h */ = {isa = PBXFileReference; lastKnownFileType = sourcecode.c.h; path = YYDownloadSessionManager.h; sourceTree = "<group>"; };
		18AF4CD529B1C7A100581BBC /* YYDownloadSessionManager.m */ = {isa = PBXFileReference; lastKnownFileType = sourcecode.c.objc; path = YYDownloadSessionManager.m; sourceTree = "<group>"; };
		18AF4CD729B1E86900581BBC /* test.h */ = {isa = PBXFileReference; lastKnownFileType = sourcecode.c.h; path = test.h; sourceTree = "<group>"; };
		18AF4CD829B1E86900581BBC /* test.m */ = {isa = PBXFileReference; lastKnownFileType = sourcecode.c.objc; path = test.m; sourceTree = "<group>"; };
		18BEB5352A0B399E00B5A94E /* YYDownloadResumeData.h */ = {isa = PBXFileReference; lastKnownFileType = sourcecode.c.h; path = YYDownloadResumeData.h; sourceTree = "<group>"; };
		18BEB5362A0B399E00B5A94E /* YYDownloadResumeData.m */ = {isa = PBXFileReference; lastKnownFileType = sourcecode.c.objc; path = YYDownloadResumeData.m; sourceTree = "<group>"; };
		18C2C1122A0DCE49002107BE /* YYDownloadTask.h */ = {isa = PBXFileReference; lastKnownFileType = sourcecode.c.h; path = YYDownloadTask.h; sourceTree = "<group>"; };
		18C2C1132A0DCE49002107BE /* YYDownloadTask.m */ = {isa = PBXFileReference; lastKnownFileType = sourcecode.c.objc; path = YYDownloadTask.m; sourceTree = "<group>"; };
		18C2C1152A0DE656002107BE /* YYDownloadConfiguration.h */ = {isa = PBXFileReference; lastKnownFileType = sourcecode.c.h; path = YYDownloadConfiguration.h; sourceTree = "<group>"; };
		18C2C1162A0DE656002107BE /* YYDownloadConfiguration.m */ = {isa = PBXFileReference; lastKnownFileType = sourcecode.c.objc; path = YYDownloadConfiguration.m; sourceTree = "<group>"; };
		18C6D51629B0A957000FCD37 /* YYDownloadManager.h */ = {isa = PBXFileReference; lastKnownFileType = sourcecode.c.h; path = YYDownloadManager.h; sourceTree = "<group>"; };
		18C6D51729B0A957000FCD37 /* YYDownloadManager.m */ = {isa = PBXFileReference; lastKnownFileType = sourcecode.c.objc; path = YYDownloadManager.m; sourceTree = "<group>"; };
		18C6D51929B0A995000FCD37 /* YYDownloadManagerHeader.h */ = {isa = PBXFileReference; lastKnownFileType = sourcecode.c.h; path = YYDownloadManagerHeader.h; sourceTree = "<group>"; };
/* End PBXFileReference section */

/* Begin PBXFrameworksBuildPhase section */
		186E000A29AF05F600CFD2EC /* Frameworks */ = {
			isa = PBXFrameworksBuildPhase;
			buildActionMask = 2147483647;
			files = (
			);
			runOnlyForDeploymentPostprocessing = 0;
		};
		186E002529AF05F800CFD2EC /* Frameworks */ = {
			isa = PBXFrameworksBuildPhase;
			buildActionMask = 2147483647;
			files = (
			);
			runOnlyForDeploymentPostprocessing = 0;
		};
		186E002F29AF05F800CFD2EC /* Frameworks */ = {
			isa = PBXFrameworksBuildPhase;
			buildActionMask = 2147483647;
			files = (
			);
			runOnlyForDeploymentPostprocessing = 0;
		};
/* End PBXFrameworksBuildPhase section */

/* Begin PBXGroup section */
		186E000429AF05F600CFD2EC = {
			isa = PBXGroup;
			children = (
				18AF4C9429B17F6F00581BBC /* AFNetworking */,
				186E000F29AF05F600CFD2EC /* DownloadManager */,
				186E002B29AF05F800CFD2EC /* DownloadManagerTests */,
				186E003529AF05F800CFD2EC /* DownloadManagerUITests */,
				186E000E29AF05F600CFD2EC /* Products */,
			);
			sourceTree = "<group>";
		};
		186E000E29AF05F600CFD2EC /* Products */ = {
			isa = PBXGroup;
			children = (
				186E000D29AF05F600CFD2EC /* DownloadManager.app */,
				186E002829AF05F800CFD2EC /* DownloadManagerTests.xctest */,
				186E003229AF05F800CFD2EC /* DownloadManagerUITests.xctest */,
			);
			name = Products;
			sourceTree = "<group>";
		};
		186E000F29AF05F600CFD2EC /* DownloadManager */ = {
			isa = PBXGroup;
			children = (
				186E004529AF060000CFD2EC /* DownloadManager */,
				186E001029AF05F600CFD2EC /* AppDelegate.h */,
				186E001129AF05F600CFD2EC /* AppDelegate.m */,
				186E001329AF05F600CFD2EC /* SceneDelegate.h */,
				186E001429AF05F600CFD2EC /* SceneDelegate.m */,
				186E001629AF05F600CFD2EC /* ViewController.h */,
				186E001729AF05F600CFD2EC /* ViewController.m */,
				1874B7252A09D40100638317 /* DownloadTableViewCell.h */,
				1874B7262A09D40100638317 /* DownloadTableViewCell.m */,
				18AF4CD729B1E86900581BBC /* test.h */,
				18AF4CD829B1E86900581BBC /* test.m */,
				186E001929AF05F600CFD2EC /* Main.storyboard */,
				186E001C29AF05F800CFD2EC /* Assets.xcassets */,
				186E001E29AF05F800CFD2EC /* LaunchScreen.storyboard */,
				186E002129AF05F800CFD2EC /* Info.plist */,
				186E002229AF05F800CFD2EC /* main.m */,
			);
			path = DownloadManager;
			sourceTree = "<group>";
		};
		186E002B29AF05F800CFD2EC /* DownloadManagerTests */ = {
			isa = PBXGroup;
			children = (
				186E002C29AF05F800CFD2EC /* DownloadManagerTests.m */,
			);
			path = DownloadManagerTests;
			sourceTree = "<group>";
		};
		186E003529AF05F800CFD2EC /* DownloadManagerUITests */ = {
			isa = PBXGroup;
			children = (
				186E003629AF05F800CFD2EC /* DownloadManagerUITests.m */,
				186E003829AF05F800CFD2EC /* DownloadManagerUITestsLaunchTests.m */,
			);
			path = DownloadManagerUITests;
			sourceTree = "<group>";
		};
		186E004529AF060000CFD2EC /* DownloadManager */ = {
			isa = PBXGroup;
			children = (
				18C2C1152A0DE656002107BE /* YYDownloadConfiguration.h */,
				18C2C1162A0DE656002107BE /* YYDownloadConfiguration.m */,
				18AF4CCB29B1853200581BBC /* YYDownloadHelper.h */,
				18AF4CCC29B1853200581BBC /* YYDownloadHelper.m */,
				18C6D51629B0A957000FCD37 /* YYDownloadManager.h */,
				18C6D51729B0A957000FCD37 /* YYDownloadManager.m */,
				18C6D51929B0A995000FCD37 /* YYDownloadManagerHeader.h */,
				18BEB5352A0B399E00B5A94E /* YYDownloadResumeData.h */,
				18BEB5362A0B399E00B5A94E /* YYDownloadResumeData.m */,
				18AF4CD429B1C7A100581BBC /* YYDownloadSessionManager.h */,
				18AF4CD529B1C7A100581BBC /* YYDownloadSessionManager.m */,
				18C2C1122A0DCE49002107BE /* YYDownloadTask.h */,
				18C2C1132A0DCE49002107BE /* YYDownloadTask.m */,
				186E004629AF061300CFD2EC /* YYDownloadTaskDelegate.h */,
				18AF4CCE29B194D900581BBC /* YYDownloadTaskManager.h */,
				18AF4CCF29B194D900581BBC /* YYDownloadTaskManager.m */,
			);
			path = DownloadManager;
			sourceTree = "<group>";
		};
		18AF4C9429B17F6F00581BBC /* AFNetworking */ = {
			isa = PBXGroup;
			children = (
				18AF4C9529B17F6F00581BBC /* LICENSE */,
				18AF4C9629B17F6F00581BBC /* README.md */,
				18AF4C9729B17F6F00581BBC /* UIKit+AFNetworking */,
				18AF4CAB29B17F6F00581BBC /* AFNetworking */,
			);
			name = AFNetworking;
			path = DownloadManager/AFNetworking;
			sourceTree = "<group>";
		};
		18AF4C9729B17F6F00581BBC /* UIKit+AFNetworking */ = {
			isa = PBXGroup;
			children = (
				18AF4C9829B17F6F00581BBC /* WKWebView+AFNetworking.h */,
				18AF4C9929B17F6F00581BBC /* UIProgressView+AFNetworking.m */,
				18AF4C9A29B17F6F00581BBC /* UIButton+AFNetworking.h */,
				18AF4C9B29B17F6F00581BBC /* UIRefreshControl+AFNetworking.m */,
				18AF4C9C29B17F6F00581BBC /* UIImageView+AFNetworking.h */,
				18AF4C9D29B17F6F00581BBC /* AFImageDownloader.h */,
				18AF4C9E29B17F6F00581BBC /* AFNetworkActivityIndicatorManager.m */,
				18AF4C9F29B17F6F00581BBC /* AFAutoPurgingImageCache.h */,
				18AF4CA029B17F6F00581BBC /* UIActivityIndicatorView+AFNetworking.h */,
				18AF4CA129B17F6F00581BBC /* WKWebView+AFNetworking.m */,
				18AF4CA229B17F6F00581BBC /* UIProgressView+AFNetworking.h */,
				18AF4CA329B17F6F00581BBC /* UIImageView+AFNetworking.m */,
				18AF4CA429B17F6F00581BBC /* UIKit+AFNetworking.h */,
				18AF4CA529B17F6F00581BBC /* UIRefreshControl+AFNetworking.h */,
				18AF4CA629B17F6F00581BBC /* UIButton+AFNetworking.m */,
				18AF4CA729B17F6F00581BBC /* UIActivityIndicatorView+AFNetworking.m */,
				18AF4CA829B17F6F00581BBC /* AFAutoPurgingImageCache.m */,
				18AF4CA929B17F6F00581BBC /* AFNetworkActivityIndicatorManager.h */,
				18AF4CAA29B17F6F00581BBC /* AFImageDownloader.m */,
			);
			path = "UIKit+AFNetworking";
			sourceTree = "<group>";
		};
		18AF4CAB29B17F6F00581BBC /* AFNetworking */ = {
			isa = PBXGroup;
			children = (
				18AF4CAC29B17F6F00581BBC /* AFSecurityPolicy.h */,
				18AF4CAD29B17F6F00581BBC /* AFNetworkReachabilityManager.h */,
				18AF4CAE29B17F6F00581BBC /* AFURLSessionManager.h */,
				18AF4CAF29B17F6F00581BBC /* AFURLRequestSerialization.h */,
				18AF4CB029B17F6F00581BBC /* AFURLResponseSerialization.m */,
				18AF4CB129B17F6F00581BBC /* AFHTTPSessionManager.m */,
				18AF4CB229B17F6F00581BBC /* AFURLResponseSerialization.h */,
				18AF4CB329B17F6F00581BBC /* AFURLSessionManager.m */,
				18AF4CB429B17F6F00581BBC /* AFURLRequestSerialization.m */,
				18AF4CB529B17F6F00581BBC /* AFNetworking.h */,
				18AF4CB629B17F6F00581BBC /* AFNetworkReachabilityManager.m */,
				18AF4CB729B17F6F00581BBC /* AFSecurityPolicy.m */,
				18AF4CB829B17F6F00581BBC /* AFCompatibilityMacros.h */,
				18AF4CB929B17F6F00581BBC /* AFHTTPSessionManager.h */,
			);
			path = AFNetworking;
			sourceTree = "<group>";
		};
/* End PBXGroup section */

/* Begin PBXNativeTarget section */
		186E000C29AF05F600CFD2EC /* DownloadManager */ = {
			isa = PBXNativeTarget;
			buildConfigurationList = 186E003C29AF05F800CFD2EC /* Build configuration list for PBXNativeTarget "DownloadManager" */;
			buildPhases = (
				186E000929AF05F600CFD2EC /* Sources */,
				186E000A29AF05F600CFD2EC /* Frameworks */,
				186E000B29AF05F600CFD2EC /* Resources */,
			);
			buildRules = (
			);
			dependencies = (
			);
			name = DownloadManager;
			productName = DownloadManager;
			productReference = 186E000D29AF05F600CFD2EC /* DownloadManager.app */;
			productType = "com.apple.product-type.application";
		};
		186E002729AF05F800CFD2EC /* DownloadManagerTests */ = {
			isa = PBXNativeTarget;
			buildConfigurationList = 186E003F29AF05F800CFD2EC /* Build configuration list for PBXNativeTarget "DownloadManagerTests" */;
			buildPhases = (
				186E002429AF05F800CFD2EC /* Sources */,
				186E002529AF05F800CFD2EC /* Frameworks */,
				186E002629AF05F800CFD2EC /* Resources */,
			);
			buildRules = (
			);
			dependencies = (
				186E002A29AF05F800CFD2EC /* PBXTargetDependency */,
			);
			name = DownloadManagerTests;
			productName = DownloadManagerTests;
			productReference = 186E002829AF05F800CFD2EC /* DownloadManagerTests.xctest */;
			productType = "com.apple.product-type.bundle.unit-test";
		};
		186E003129AF05F800CFD2EC /* DownloadManagerUITests */ = {
			isa = PBXNativeTarget;
			buildConfigurationList = 186E004229AF05F800CFD2EC /* Build configuration list for PBXNativeTarget "DownloadManagerUITests" */;
			buildPhases = (
				186E002E29AF05F800CFD2EC /* Sources */,
				186E002F29AF05F800CFD2EC /* Frameworks */,
				186E003029AF05F800CFD2EC /* Resources */,
			);
			buildRules = (
			);
			dependencies = (
				186E003429AF05F800CFD2EC /* PBXTargetDependency */,
			);
			name = DownloadManagerUITests;
			productName = DownloadManagerUITests;
			productReference = 186E003229AF05F800CFD2EC /* DownloadManagerUITests.xctest */;
			productType = "com.apple.product-type.bundle.ui-testing";
		};
/* End PBXNativeTarget section */

/* Begin PBXProject section */
		186E000529AF05F600CFD2EC /* Project object */ = {
			isa = PBXProject;
			attributes = {
				BuildIndependentTargetsInParallel = 1;
				LastUpgradeCheck = 1420;
				TargetAttributes = {
					186E000C29AF05F600CFD2EC = {
						CreatedOnToolsVersion = 14.2;
					};
					186E002729AF05F800CFD2EC = {
						CreatedOnToolsVersion = 14.2;
						TestTargetID = 186E000C29AF05F600CFD2EC;
					};
					186E003129AF05F800CFD2EC = {
						CreatedOnToolsVersion = 14.2;
						TestTargetID = 186E000C29AF05F600CFD2EC;
					};
				};
			};
			buildConfigurationList = 186E000829AF05F600CFD2EC /* Build configuration list for PBXProject "DownloadManager" */;
			compatibilityVersion = "Xcode 14.0";
			developmentRegion = en;
			hasScannedForEncodings = 0;
			knownRegions = (
				en,
				Base,
			);
			mainGroup = 186E000429AF05F600CFD2EC;
			productRefGroup = 186E000E29AF05F600CFD2EC /* Products */;
			projectDirPath = "";
			projectRoot = "";
			targets = (
				186E000C29AF05F600CFD2EC /* DownloadManager */,
				186E002729AF05F800CFD2EC /* DownloadManagerTests */,
				186E003129AF05F800CFD2EC /* DownloadManagerUITests */,
			);
		};
/* End PBXProject section */

/* Begin PBXResourcesBuildPhase section */
		186E000B29AF05F600CFD2EC /* Resources */ = {
			isa = PBXResourcesBuildPhase;
			buildActionMask = 2147483647;
			files = (
				186E002029AF05F800CFD2EC /* LaunchScreen.storyboard in Resources */,
				186E001D29AF05F800CFD2EC /* Assets.xcassets in Resources */,
				18AF4CBB29B17F6F00581BBC /* README.md in Resources */,
				18AF4CBA29B17F6F00581BBC /* LICENSE in Resources */,
				186E001B29AF05F600CFD2EC /* Main.storyboard in Resources */,
			);
			runOnlyForDeploymentPostprocessing = 0;
		};
		186E002629AF05F800CFD2EC /* Resources */ = {
			isa = PBXResourcesBuildPhase;
			buildActionMask = 2147483647;
			files = (
			);
			runOnlyForDeploymentPostprocessing = 0;
		};
		186E003029AF05F800CFD2EC /* Resources */ = {
			isa = PBXResourcesBuildPhase;
			buildActionMask = 2147483647;
			files = (
			);
			runOnlyForDeploymentPostprocessing = 0;
		};
/* End PBXResourcesBuildPhase section */

/* Begin PBXSourcesBuildPhase section */
		186E000929AF05F600CFD2EC /* Sources */ = {
			isa = PBXSourcesBuildPhase;
			buildActionMask = 2147483647;
			files = (
				18AF4CC329B17F6F00581BBC /* AFAutoPurgingImageCache.m in Sources */,
				18AF4CBC29B17F6F00581BBC /* UIProgressView+AFNetworking.m in Sources */,
				18AF4CC629B17F6F00581BBC /* AFHTTPSessionManager.m in Sources */,
				186E001829AF05F600CFD2EC /* ViewController.m in Sources */,
				1874B7272A09D40100638317 /* DownloadTableViewCell.m in Sources */,
				18C2C1142A0DCE49002107BE /* YYDownloadTask.m in Sources */,
				186E001229AF05F600CFD2EC /* AppDelegate.m in Sources */,
				18AF4CBE29B17F6F00581BBC /* AFNetworkActivityIndicatorManager.m in Sources */,
				18AF4CC829B17F6F00581BBC /* AFURLRequestSerialization.m in Sources */,
				186E002329AF05F800CFD2EC /* main.m in Sources */,
				18AF4CC429B17F6F00581BBC /* AFImageDownloader.m in Sources */,
				18AF4CC929B17F6F00581BBC /* AFNetworkReachabilityManager.m in Sources */,
				18AF4CC229B17F6F00581BBC /* UIActivityIndicatorView+AFNetworking.m in Sources */,
				18AF4CD629B1C7A100581BBC /* YYDownloadSessionManager.m in Sources */,
				18AF4CD929B1E86900581BBC /* test.m in Sources */,
				18AF4CC729B17F6F00581BBC /* AFURLSessionManager.m in Sources */,
				18AF4CBD29B17F6F00581BBC /* UIRefreshControl+AFNetworking.m in Sources */,
				18AF4CC029B17F6F00581BBC /* UIImageView+AFNetworking.m in Sources */,
				18AF4CC529B17F6F00581BBC /* AFURLResponseSerialization.m in Sources */,
				186E001529AF05F600CFD2EC /* SceneDelegate.m in Sources */,
				18C6D51829B0A957000FCD37 /* YYDownloadManager.m in Sources */,
				18AF4CD029B194D900581BBC /* YYDownloadTaskManager.m in Sources */,
				18BEB5372A0B399E00B5A94E /* YYDownloadResumeData.m in Sources */,
				18AF4CCD29B1853200581BBC /* YYDownloadHelper.m in Sources */,
				18AF4CC129B17F6F00581BBC /* UIButton+AFNetworking.m in Sources */,
				18AF4CCA29B17F6F00581BBC /* AFSecurityPolicy.m in Sources */,
				18AF4CBF29B17F6F00581BBC /* WKWebView+AFNetworking.m in Sources */,
				18C2C1172A0DE656002107BE /* YYDownloadConfiguration.m in Sources */,
			);
			runOnlyForDeploymentPostprocessing = 0;
		};
		186E002429AF05F800CFD2EC /* Sources */ = {
			isa = PBXSourcesBuildPhase;
			buildActionMask = 2147483647;
			files = (
				186E002D29AF05F800CFD2EC /* DownloadManagerTests.m in Sources */,
			);
			runOnlyForDeploymentPostprocessing = 0;
		};
		186E002E29AF05F800CFD2EC /* Sources */ = {
			isa = PBXSourcesBuildPhase;
			buildActionMask = 2147483647;
			files = (
				186E003929AF05F800CFD2EC /* DownloadManagerUITestsLaunchTests.m in Sources */,
				186E003729AF05F800CFD2EC /* DownloadManagerUITests.m in Sources */,
			);
			runOnlyForDeploymentPostprocessing = 0;
		};
/* End PBXSourcesBuildPhase section */

/* Begin PBXTargetDependency section */
		186E002A29AF05F800CFD2EC /* PBXTargetDependency */ = {
			isa = PBXTargetDependency;
			target = 186E000C29AF05F600CFD2EC /* DownloadManager */;
			targetProxy = 186E002929AF05F800CFD2EC /* PBXContainerItemProxy */;
		};
		186E003429AF05F800CFD2EC /* PBXTargetDependency */ = {
			isa = PBXTargetDependency;
			target = 186E000C29AF05F600CFD2EC /* DownloadManager */;
			targetProxy = 186E003329AF05F800CFD2EC /* PBXContainerItemProxy */;
		};
/* End PBXTargetDependency section */

/* Begin PBXVariantGroup section */
		186E001929AF05F600CFD2EC /* Main.storyboard */ = {
			isa = PBXVariantGroup;
			children = (
				186E001A29AF05F600CFD2EC /* Base */,
			);
			name = Main.storyboard;
			sourceTree = "<group>";
		};
		186E001E29AF05F800CFD2EC /* LaunchScreen.storyboard */ = {
			isa = PBXVariantGroup;
			children = (
				186E001F29AF05F800CFD2EC /* Base */,
			);
			name = LaunchScreen.storyboard;
			sourceTree = "<group>";
		};
/* End PBXVariantGroup section */

/* Begin XCBuildConfiguration section */
		186E003A29AF05F800CFD2EC /* Debug */ = {
			isa = XCBuildConfiguration;
			buildSettings = {
				ALWAYS_SEARCH_USER_PATHS = NO;
				CLANG_ANALYZER_NONNULL = YES;
				CLANG_ANALYZER_NUMBER_OBJECT_CONVERSION = YES_AGGRESSIVE;
				CLANG_CXX_LANGUAGE_STANDARD = "gnu++20";
				CLANG_ENABLE_MODULES = YES;
				CLANG_ENABLE_OBJC_ARC = YES;
				CLANG_ENABLE_OBJC_WEAK = YES;
				CLANG_WARN_BLOCK_CAPTURE_AUTORELEASING = YES;
				CLANG_WARN_BOOL_CONVERSION = YES;
				CLANG_WARN_COMMA = YES;
				CLANG_WARN_CONSTANT_CONVERSION = YES;
				CLANG_WARN_DEPRECATED_OBJC_IMPLEMENTATIONS = YES;
				CLANG_WARN_DIRECT_OBJC_ISA_USAGE = YES_ERROR;
				CLANG_WARN_DOCUMENTATION_COMMENTS = YES;
				CLANG_WARN_EMPTY_BODY = YES;
				CLANG_WARN_ENUM_CONVERSION = YES;
				CLANG_WARN_INFINITE_RECURSION = YES;
				CLANG_WARN_INT_CONVERSION = YES;
				CLANG_WARN_NON_LITERAL_NULL_CONVERSION = YES;
				CLANG_WARN_OBJC_IMPLICIT_RETAIN_SELF = YES;
				CLANG_WARN_OBJC_LITERAL_CONVERSION = YES;
				CLANG_WARN_OBJC_ROOT_CLASS = YES_ERROR;
				CLANG_WARN_QUOTED_INCLUDE_IN_FRAMEWORK_HEADER = YES;
				CLANG_WARN_RANGE_LOOP_ANALYSIS = YES;
				CLANG_WARN_STRICT_PROTOTYPES = YES;
				CLANG_WARN_SUSPICIOUS_MOVE = YES;
				CLANG_WARN_UNGUARDED_AVAILABILITY = YES_AGGRESSIVE;
				CLANG_WARN_UNREACHABLE_CODE = YES;
				CLANG_WARN__DUPLICATE_METHOD_MATCH = YES;
				COPY_PHASE_STRIP = NO;
				DEBUG_INFORMATION_FORMAT = dwarf;
				ENABLE_STRICT_OBJC_MSGSEND = YES;
				ENABLE_TESTABILITY = YES;
				GCC_C_LANGUAGE_STANDARD = gnu11;
				GCC_DYNAMIC_NO_PIC = NO;
				GCC_NO_COMMON_BLOCKS = YES;
				GCC_OPTIMIZATION_LEVEL = 0;
				GCC_PREPROCESSOR_DEFINITIONS = (
					"DEBUG=1",
					"$(inherited)",
				);
				GCC_WARN_64_TO_32_BIT_CONVERSION = YES;
				GCC_WARN_ABOUT_RETURN_TYPE = YES_ERROR;
				GCC_WARN_UNDECLARED_SELECTOR = YES;
				GCC_WARN_UNINITIALIZED_AUTOS = YES_AGGRESSIVE;
				GCC_WARN_UNUSED_FUNCTION = YES;
				GCC_WARN_UNUSED_VARIABLE = YES;
				IPHONEOS_DEPLOYMENT_TARGET = 16.2;
				MTL_ENABLE_DEBUG_INFO = INCLUDE_SOURCE;
				MTL_FAST_MATH = YES;
				ONLY_ACTIVE_ARCH = YES;
				SDKROOT = iphoneos;
			};
			name = Debug;
		};
		186E003B29AF05F800CFD2EC /* Release */ = {
			isa = XCBuildConfiguration;
			buildSettings = {
				ALWAYS_SEARCH_USER_PATHS = NO;
				CLANG_ANALYZER_NONNULL = YES;
				CLANG_ANALYZER_NUMBER_OBJECT_CONVERSION = YES_AGGRESSIVE;
				CLANG_CXX_LANGUAGE_STANDARD = "gnu++20";
				CLANG_ENABLE_MODULES = YES;
				CLANG_ENABLE_OBJC_ARC = YES;
				CLANG_ENABLE_OBJC_WEAK = YES;
				CLANG_WARN_BLOCK_CAPTURE_AUTORELEASING = YES;
				CLANG_WARN_BOOL_CONVERSION = YES;
				CLANG_WARN_COMMA = YES;
				CLANG_WARN_CONSTANT_CONVERSION = YES;
				CLANG_WARN_DEPRECATED_OBJC_IMPLEMENTATIONS = YES;
				CLANG_WARN_DIRECT_OBJC_ISA_USAGE = YES_ERROR;
				CLANG_WARN_DOCUMENTATION_COMMENTS = YES;
				CLANG_WARN_EMPTY_BODY = YES;
				CLANG_WARN_ENUM_CONVERSION = YES;
				CLANG_WARN_INFINITE_RECURSION = YES;
				CLANG_WARN_INT_CONVERSION = YES;
				CLANG_WARN_NON_LITERAL_NULL_CONVERSION = YES;
				CLANG_WARN_OBJC_IMPLICIT_RETAIN_SELF = YES;
				CLANG_WARN_OBJC_LITERAL_CONVERSION = YES;
				CLANG_WARN_OBJC_ROOT_CLASS = YES_ERROR;
				CLANG_WARN_QUOTED_INCLUDE_IN_FRAMEWORK_HEADER = YES;
				CLANG_WARN_RANGE_LOOP_ANALYSIS = YES;
				CLANG_WARN_STRICT_PROTOTYPES = YES;
				CLANG_WARN_SUSPICIOUS_MOVE = YES;
				CLANG_WARN_UNGUARDED_AVAILABILITY = YES_AGGRESSIVE;
				CLANG_WARN_UNREACHABLE_CODE = YES;
				CLANG_WARN__DUPLICATE_METHOD_MATCH = YES;
				COPY_PHASE_STRIP = NO;
				DEBUG_INFORMATION_FORMAT = "dwarf-with-dsym";
				ENABLE_NS_ASSERTIONS = NO;
				ENABLE_STRICT_OBJC_MSGSEND = YES;
				GCC_C_LANGUAGE_STANDARD = gnu11;
				GCC_NO_COMMON_BLOCKS = YES;
				GCC_WARN_64_TO_32_BIT_CONVERSION = YES;
				GCC_WARN_ABOUT_RETURN_TYPE = YES_ERROR;
				GCC_WARN_UNDECLARED_SELECTOR = YES;
				GCC_WARN_UNINITIALIZED_AUTOS = YES_AGGRESSIVE;
				GCC_WARN_UNUSED_FUNCTION = YES;
				GCC_WARN_UNUSED_VARIABLE = YES;
				IPHONEOS_DEPLOYMENT_TARGET = 16.2;
				MTL_ENABLE_DEBUG_INFO = NO;
				MTL_FAST_MATH = YES;
				SDKROOT = iphoneos;
				VALIDATE_PRODUCT = YES;
			};
			name = Release;
		};
		186E003D29AF05F800CFD2EC /* Debug */ = {
			isa = XCBuildConfiguration;
			buildSettings = {
				ASSETCATALOG_COMPILER_APPICON_NAME = AppIcon;
				ASSETCATALOG_COMPILER_GLOBAL_ACCENT_COLOR_NAME = AccentColor;
				CODE_SIGN_STYLE = Automatic;
				CURRENT_PROJECT_VERSION = 1;
				DEVELOPMENT_TEAM = 2HB3467PJ2;
				GENERATE_INFOPLIST_FILE = YES;
				INFOPLIST_FILE = DownloadManager/Info.plist;
				INFOPLIST_KEY_UIApplicationSupportsIndirectInputEvents = YES;
				INFOPLIST_KEY_UILaunchStoryboardName = LaunchScreen;
				INFOPLIST_KEY_UIMainStoryboardFile = Main;
				INFOPLIST_KEY_UISupportedInterfaceOrientations_iPad = "UIInterfaceOrientationPortrait UIInterfaceOrientationPortraitUpsideDown UIInterfaceOrientationLandscapeLeft UIInterfaceOrientationLandscapeRight";
				INFOPLIST_KEY_UISupportedInterfaceOrientations_iPhone = "UIInterfaceOrientationPortrait UIInterfaceOrientationLandscapeLeft UIInterfaceOrientationLandscapeRight";
				IPHONEOS_DEPLOYMENT_TARGET = 11.0;
				LD_RUNPATH_SEARCH_PATHS = (
					"$(inherited)",
					"@executable_path/Frameworks",
				);
				MARKETING_VERSION = 1.0;
				PRODUCT_BUNDLE_IDENTIFIER = test.DownloadManager;
				PRODUCT_NAME = "$(TARGET_NAME)";
				SUPPORTED_PLATFORMS = "iphoneos iphonesimulator";
				SUPPORTS_MACCATALYST = NO;
				SUPPORTS_MAC_DESIGNED_FOR_IPHONE_IPAD = NO;
				SWIFT_EMIT_LOC_STRINGS = YES;
				SWIFT_VERSION = 5.0;
				TARGETED_DEVICE_FAMILY = 1;
			};
			name = Debug;
		};
		186E003E29AF05F800CFD2EC /* Release */ = {
			isa = XCBuildConfiguration;
			buildSettings = {
				ASSETCATALOG_COMPILER_APPICON_NAME = AppIcon;
				ASSETCATALOG_COMPILER_GLOBAL_ACCENT_COLOR_NAME = AccentColor;
				CODE_SIGN_STYLE = Automatic;
				CURRENT_PROJECT_VERSION = 1;
				DEVELOPMENT_TEAM = 2HB3467PJ2;
				GENERATE_INFOPLIST_FILE = YES;
				INFOPLIST_FILE = DownloadManager/Info.plist;
				INFOPLIST_KEY_UIApplicationSupportsIndirectInputEvents = YES;
				INFOPLIST_KEY_UILaunchStoryboardName = LaunchScreen;
				INFOPLIST_KEY_UIMainStoryboardFile = Main;
				INFOPLIST_KEY_UISupportedInterfaceOrientations_iPad = "UIInterfaceOrientationPortrait UIInterfaceOrientationPortraitUpsideDown UIInterfaceOrientationLandscapeLeft UIInterfaceOrientationLandscapeRight";
				INFOPLIST_KEY_UISupportedInterfaceOrientations_iPhone = "UIInterfaceOrientationPortrait UIInterfaceOrientationLandscapeLeft UIInterfaceOrientationLandscapeRight";
				IPHONEOS_DEPLOYMENT_TARGET = 11.0;
				LD_RUNPATH_SEARCH_PATHS = (
					"$(inherited)",
					"@executable_path/Frameworks",
				);
				MARKETING_VERSION = 1.0;
				PRODUCT_BUNDLE_IDENTIFIER = test.DownloadManager;
				PRODUCT_NAME = "$(TARGET_NAME)";
				SUPPORTED_PLATFORMS = "iphoneos iphonesimulator";
				SUPPORTS_MACCATALYST = NO;
				SUPPORTS_MAC_DESIGNED_FOR_IPHONE_IPAD = NO;
				SWIFT_EMIT_LOC_STRINGS = YES;
				SWIFT_VERSION = 5.0;
				TARGETED_DEVICE_FAMILY = 1;
			};
			name = Release;
		};
		186E004029AF05F800CFD2EC /* Debug */ = {
			isa = XCBuildConfiguration;
			buildSettings = {
				BUNDLE_LOADER = "$(TEST_HOST)";
				CODE_SIGN_STYLE = Automatic;
				CURRENT_PROJECT_VERSION = 1;
				GENERATE_INFOPLIST_FILE = YES;
				IPHONEOS_DEPLOYMENT_TARGET = 16.2;
				MARKETING_VERSION = 1.0;
				PRODUCT_BUNDLE_IDENTIFIER = test.DownloadManagerTests;
				PRODUCT_NAME = "$(TARGET_NAME)";
				SWIFT_EMIT_LOC_STRINGS = NO;
				TARGETED_DEVICE_FAMILY = "1,2";
				TEST_HOST = "$(BUILT_PRODUCTS_DIR)/DownloadManager.app/$(BUNDLE_EXECUTABLE_FOLDER_PATH)/DownloadManager";
			};
			name = Debug;
		};
		186E004129AF05F800CFD2EC /* Release */ = {
			isa = XCBuildConfiguration;
			buildSettings = {
				BUNDLE_LOADER = "$(TEST_HOST)";
				CODE_SIGN_STYLE = Automatic;
				CURRENT_PROJECT_VERSION = 1;
				GENERATE_INFOPLIST_FILE = YES;
				IPHONEOS_DEPLOYMENT_TARGET = 16.2;
				MARKETING_VERSION = 1.0;
				PRODUCT_BUNDLE_IDENTIFIER = test.DownloadManagerTests;
				PRODUCT_NAME = "$(TARGET_NAME)";
				SWIFT_EMIT_LOC_STRINGS = NO;
				TARGETED_DEVICE_FAMILY = "1,2";
				TEST_HOST = "$(BUILT_PRODUCTS_DIR)/DownloadManager.app/$(BUNDLE_EXECUTABLE_FOLDER_PATH)/DownloadManager";
			};
			name = Release;
		};
		186E004329AF05F800CFD2EC /* Debug */ = {
			isa = XCBuildConfiguration;
			buildSettings = {
				CODE_SIGN_STYLE = Automatic;
				CURRENT_PROJECT_VERSION = 1;
				GENERATE_INFOPLIST_FILE = YES;
				MARKETING_VERSION = 1.0;
				PRODUCT_BUNDLE_IDENTIFIER = test.DownloadManagerUITests;
				PRODUCT_NAME = "$(TARGET_NAME)";
				SWIFT_EMIT_LOC_STRINGS = NO;
				TARGETED_DEVICE_FAMILY = "1,2";
				TEST_TARGET_NAME = DownloadManager;
			};
			name = Debug;
		};
		186E004429AF05F800CFD2EC /* Release */ = {
			isa = XCBuildConfiguration;
			buildSettings = {
				CODE_SIGN_STYLE = Automatic;
				CURRENT_PROJECT_VERSION = 1;
				GENERATE_INFOPLIST_FILE = YES;
				MARKETING_VERSION = 1.0;
				PRODUCT_BUNDLE_IDENTIFIER = test.DownloadManagerUITests;
				PRODUCT_NAME = "$(TARGET_NAME)";
				SWIFT_EMIT_LOC_STRINGS = NO;
				TARGETED_DEVICE_FAMILY = "1,2";
				TEST_TARGET_NAME = DownloadManager;
			};
			name = Release;
		};
/* End XCBuildConfiguration section */

/* Begin XCConfigurationList section */
		186E000829AF05F600CFD2EC /* Build configuration list for PBXProject "DownloadManager" */ = {
			isa = XCConfigurationList;
			buildConfigurations = (
				186E003A29AF05F800CFD2EC /* Debug */,
				186E003B29AF05F800CFD2EC /* Release */,
			);
			defaultConfigurationIsVisible = 0;
			defaultConfigurationName = Release;
		};
		186E003C29AF05F800CFD2EC /* Build configuration list for PBXNativeTarget "DownloadManager" */ = {
			isa = XCConfigurationList;
			buildConfigurations = (
				186E003D29AF05F800CFD2EC /* Debug */,
				186E003E29AF05F800CFD2EC /* Release */,
			);
			defaultConfigurationIsVisible = 0;
			defaultConfigurationName = Release;
		};
		186E003F29AF05F800CFD2EC /* Build configuration list for PBXNativeTarget "DownloadManagerTests" */ = {
			isa = XCConfigurationList;
			buildConfigurations = (
				186E004029AF05F800CFD2EC /* Debug */,
				186E004129AF05F800CFD2EC /* Release */,
			);
			defaultConfigurationIsVisible = 0;
			defaultConfigurationName = Release;
		};
		186E004229AF05F800CFD2EC /* Build configuration list for PBXNativeTarget "DownloadManagerUITests" */ = {
			isa = XCConfigurationList;
			buildConfigurations = (
				186E004329AF05F800CFD2EC /* Debug */,
				186E004429AF05F800CFD2EC /* Release */,
			);
			defaultConfigurationIsVisible = 0;
			defaultConfigurationName = Release;
		};
/* End XCConfigurationList section */
	};
	rootObject = 186E000529AF05F600CFD2EC /* Project object */;
}
